
Microsoft Visual Studio Solution File, Format Version 12.00
# Visual Studio 2012
Project("{FAE04EC0-301F-11D3-BF4B-00C04F79EFBC}") = "MultidropBus", "MultidropBus\MultidropBus.csproj", "{55C40462-E74F-49CC-BE20-03B5896BD766}"
EndProject
Project("{2150E333-8FDC-42A3-9474-1A3956D46DE8}") = "Solution Items", "Solution Items", "{54457E71-9856-4D5E-BD96-810AB163E5F0}"
	ProjectSection(SolutionItems) = preProject
		LICENSE = LICENSE
		MDB_3.0.pdf = MDB_3.0.pdf
		README.md = README.md
		ReferenceMaterial.txt = ReferenceMaterial.txt
	EndProjectSection
EndProject
Global
	GlobalSection(SolutionConfigurationPlatforms) = preSolution
		Debug|Any CPU = Debug|Any CPU
		Release|Any CPU = Release|Any CPU
	EndGlobalSection
	GlobalSection(ProjectConfigurationPlatforms) = postSolution
		{55C40462-E74F-49CC-BE20-03B5896BD766}.Debug|Any CPU.ActiveCfg = Debug|Any CPU
		{55C40462-E74F-49CC-BE20-03B5896BD766}.Debug|Any CPU.Build.0 = Debug|Any CPU
		{55C40462-E74F-49CC-BE20-03B5896BD766}.Release|Any CPU.ActiveCfg = Release|Any CPU
		{55C40462-E74F-49CC-BE20-03B5896BD766}.Release|Any CPU.Build.0 = Release|Any CPU
	EndGlobalSection
	GlobalSection(SolutionProperties) = preSolution
		HideSolutionNode = FALSE
	EndGlobalSection
EndGlobal
